# generated by rye
# use `rye lock` or `rye sync` to update this lockfile
#
# last locked with the following flags:
#   pre: false
#   features: []
#   all-features: false
#   with-sources: false
#   generate-hashes: false

-e file:.
arpeggio==2.0.2
    # via parver
attrs==23.2.0
    # via parver
certifi==2024.6.2
    # via requests
charset-normalizer==3.3.2
    # via requests
dill==0.3.8
    # via pulumi
grpcio==1.60.1
    # via pulumi
idna==3.7
    # via requests
jinja2==3.1.4
    # via kluster
markupsafe==2.1.5
    # via jinja2
parver==0.5
    # via pulumi-crds
    # via pulumi-kubernetes
pip==24.0
    # via kluster
protobuf==4.25.3
    # via pulumi
pulumi==3.118.0
    # via kluster
    # via pulumi-crds
    # via pulumi-kubernetes
pulumi-crds @ file:///home/aetf/develop/cloud/kluster-py/lib/crds
    # via kluster
pulumi-kubernetes==4.12.0
    # via kluster
pyyaml==6.0.1
    # via kluster
    # via pulumi
    # via pulumi-crds
requests==2.32.3
    # via kluster
    # via pulumi-crds
    # via pulumi-kubernetes
semver==2.13.0
    # via pulumi
    # via pulumi-crds
    # via pulumi-kubernetes
six==1.16.0
    # via pulumi
urllib3==2.2.1
    # via requests
