# generated by rye
# use `rye lock` or `rye sync` to update this lockfile
#
# last locked with the following flags:
#   pre: false
#   features: []
#   all-features: false
#   with-sources: false
#   generate-hashes: false

-e file:.
arpeggio==2.0.2
    # via parver
asttokens==2.4.1
    # via stack-data
attrs==23.2.0
    # via parver
certifi==2024.6.2
    # via requests
charset-normalizer==3.3.2
    # via requests
decorator==5.1.1
    # via ipython
dill==0.3.8
    # via pulumi
executing==2.0.1
    # via stack-data
grpcio==1.60.1
    # via pulumi
idna==3.7
    # via requests
ipython==8.25.0
jedi==0.19.1
    # via ipython
jinja2==3.1.4
    # via kluster
markupsafe==2.1.5
    # via jinja2
matplotlib-inline==0.1.7
    # via ipython
parso==0.8.4
    # via jedi
parver==0.5
    # via pulumi-crds
    # via pulumi-kubernetes
pexpect==4.9.0
    # via ipython
pip==24.0
    # via kluster
prompt-toolkit==3.0.45
    # via ipython
protobuf==4.25.3
    # via pulumi
ptyprocess==0.7.0
    # via pexpect
pulumi==3.118.0
    # via kluster
    # via pulumi-crds
    # via pulumi-kubernetes
pulumi-crds @ file:///home/aetf/develop/cloud/kluster-py/lib/crds
    # via kluster
pulumi-kubernetes==4.12.0
    # via kluster
pure-eval==0.2.2
    # via stack-data
pygments==2.18.0
    # via ipython
pyyaml==6.0.1
    # via kluster
    # via pulumi
    # via pulumi-crds
requests==2.32.3
    # via kluster
    # via pulumi-crds
    # via pulumi-kubernetes
semver==2.13.0
    # via pulumi
    # via pulumi-crds
    # via pulumi-kubernetes
six==1.16.0
    # via asttokens
    # via pulumi
stack-data==0.6.3
    # via ipython
traitlets==5.14.3
    # via ipython
    # via matplotlib-inline
urllib3==2.2.1
    # via requests
wcwidth==0.2.13
    # via prompt-toolkit
